
Microsoft Visual Studio Solution File, Format Version 12.00
# Visual Studio Version 17
VisualStudioVersion = 17.5.002.0
MinimumVisualStudioVersion = 10.0.40219.1
Project("{9A19103F-16F7-4668-BE54-9A1E7A4F7556}") = "4- año bisiesto (dormir la siesta 2 veces)", "4- año bisiesto (dormir la siesta 2 veces).csproj", "{8D3C2D09-C292-44D1-AEC0-43C20B9AB01B}"
EndProject
Global
	GlobalSection(SolutionConfigurationPlatforms) = preSolution
		Debug|Any CPU = Debug|Any CPU
		Release|Any CPU = Release|Any CPU
	EndGlobalSection
	GlobalSection(ProjectConfigurationPlatforms) = postSolution
		{8D3C2D09-C292-44D1-AEC0-43C20B9AB01B}.Debug|Any CPU.ActiveCfg = Debug|Any CPU
		{8D3C2D09-C292-44D1-AEC0-43C20B9AB01B}.Debug|Any CPU.Build.0 = Debug|Any CPU
		{8D3C2D09-C292-44D1-AEC0-43C20B9AB01B}.Release|Any CPU.ActiveCfg = Release|Any CPU
		{8D3C2D09-C292-44D1-AEC0-43C20B9AB01B}.Release|Any CPU.Build.0 = Release|Any CPU
	EndGlobalSection
	GlobalSection(SolutionProperties) = preSolution
		HideSolutionNode = FALSE
	EndGlobalSection
	GlobalSection(ExtensibilityGlobals) = postSolution
		SolutionGuid = {03E87810-CEFF-4D82-AC52-0449769C4058}
	EndGlobalSection
EndGlobal
